
Microsoft Visual Studio Solution File, Format Version 12.00
# Visual Studio 2013
VisualStudioVersion = 12.0.31101.0
MinimumVisualStudioVersion = 10.0.40219.1
Project("{FAE04EC0-301F-11D3-BF4B-00C04F79EFBC}") = "ConsoleApplication2", "ConsoleApplication2\ConsoleApplication2.csproj", "{AF711ECD-C9B1-4A86-94E6-B9330D1C937F}"
EndProject
Global
	GlobalSection(SolutionConfigurationPlatforms) = preSolution
		Debug|Any CPU = Debug|Any CPU
		Release|Any CPU = Release|Any CPU
	EndGlobalSection
	GlobalSection(ProjectConfigurationPlatforms) = postSolution
		{AF711ECD-C9B1-4A86-94E6-B9330D1C937F}.Debug|Any CPU.ActiveCfg = Debug|Any CPU
		{AF711ECD-C9B1-4A86-94E6-B9330D1C937F}.Debug|Any CPU.Build.0 = Debug|Any CPU
		{AF711ECD-C9B1-4A86-94E6-B9330D1C937F}.Release|Any CPU.ActiveCfg = Release|Any CPU
		{AF711ECD-C9B1-4A86-94E6-B9330D1C937F}.Release|Any CPU.Build.0 = Release|Any CPU
	EndGlobalSection
	GlobalSection(SolutionProperties) = preSolution
		HideSolutionNode = FALSE
	EndGlobalSection
EndGlobal
